// !$*UTF8*$!
{
	archiveVersion = 1;
	classes = {
	};
	objectVersion = 56;
	objects = {

/* Begin PBXBuildFile section */
		CC0E81042BD9F02C00D84722 /* Server.swift in Sources */ = {isa = PBXBuildFile; fileRef = CC0E81032BD9F02B00D84722 /* Server.swift */; };
		CC0E81062BD9F0F300D84722 /* Store.swift in Sources */ = {isa = PBXBuildFile; fileRef = CC0E81052BD9F0F300D84722 /* Store.swift */; };
		CC0E81082BDA0A7800D84722 /* Volumer.swift in Sources */ = {isa = PBXBuildFile; fileRef = CC0E81072BDA0A7800D84722 /* Volumer.swift */; };
		CC0E810A2BDA2AD600D84722 /* UIColor.swift in Sources */ = {isa = PBXBuildFile; fileRef = CC0E81092BDA2AD600D84722 /* UIColor.swift */; };
		CC2817522BCF8D530062B620 /* content_serverApp.swift in Sources */ = {isa = PBXBuildFile; fileRef = CC2817512BCF8D530062B620 /* content_serverApp.swift */; };
		CC2817542BCF8D530062B620 /* ContentView.swift in Sources */ = {isa = PBXBuildFile; fileRef = CC2817532BCF8D530062B620 /* ContentView.swift */; };
		CC2817562BCF8D5A0062B620 /* Assets.xcassets in Resources */ = {isa = PBXBuildFile; fileRef = CC2817552BCF8D5A0062B620 /* Assets.xcassets */; };
		CC2817592BCF8D5A0062B620 /* Preview Assets.xcassets in Resources */ = {isa = PBXBuildFile; fileRef = CC2817582BCF8D5A0062B620 /* Preview Assets.xcassets */; };
		CC2818762BD0E3AC0062B620 /* findPort.swift in Sources */ = {isa = PBXBuildFile; fileRef = CC2818752BD0E3AC0062B620 /* findPort.swift */; };
		CC2818932BD0EF7D0062B620 /* NIO in Frameworks */ = {isa = PBXBuildFile; productRef = CC2818922BD0EF7D0062B620 /* NIO */; };
		CC2818952BD0EF7D0062B620 /* NIOCore in Frameworks */ = {isa = PBXBuildFile; productRef = CC2818942BD0EF7D0062B620 /* NIOCore */; };
		CC2818972BD0EF7D0062B620 /* NIOHTTP1 in Frameworks */ = {isa = PBXBuildFile; productRef = CC2818962BD0EF7D0062B620 /* NIOHTTP1 */; };
		CC2818992BD0EF7D0062B620 /* NIOPosix in Frameworks */ = {isa = PBXBuildFile; productRef = CC2818982BD0EF7D0062B620 /* NIOPosix */; };
		CC28189B2BD0EF7D0062B620 /* NIOTLS in Frameworks */ = {isa = PBXBuildFile; productRef = CC28189A2BD0EF7D0062B620 /* NIOTLS */; };
		CC28189D2BD0EF7D0062B620 /* NIOWebSocket in Frameworks */ = {isa = PBXBuildFile; productRef = CC28189C2BD0EF7D0062B620 /* NIOWebSocket */; };
		CC28189F2BD0EF7D0062B620 /* _NIOConcurrency in Frameworks */ = {isa = PBXBuildFile; productRef = CC28189E2BD0EF7D0062B620 /* _NIOConcurrency */; };
		CC2818A12BD0EF7E0062B620 /* _NIOFileSystem in Frameworks */ = {isa = PBXBuildFile; productRef = CC2818A02BD0EF7D0062B620 /* _NIOFileSystem */; };
		CC2818A32BD0EF7E0062B620 /* _NIOFileSystemFoundationCompat in Frameworks */ = {isa = PBXBuildFile; productRef = CC2818A22BD0EF7E0062B620 /* _NIOFileSystemFoundationCompat */; };
		CC2818C22BD25CAB0062B620 /* shttp.swift in Sources */ = {isa = PBXBuildFile; fileRef = CC2818C12BD25CAB0062B620 /* shttp.swift */; };
		CC2818C52BD25CF30062B620 /* SwiftyJSON in Frameworks */ = {isa = PBXBuildFile; productRef = CC2818C42BD25CF30062B620 /* SwiftyJSON */; };
		CC2818C72BD262550062B620 /* fileHelper.swift in Sources */ = {isa = PBXBuildFile; fileRef = CC2818C62BD262550062B620 /* fileHelper.swift */; };
		CC2818DB2BD263510062B620 /* logo.jpg in Resources */ = {isa = PBXBuildFile; fileRef = CC2818CC2BD2634D0062B620 /* logo.jpg */; };
		CC2818E92BD2686B0062B620 /* Zip in Frameworks */ = {isa = PBXBuildFile; productRef = CC2818E82BD2686B0062B620 /* Zip */; };
		CC2818EB2BD27DF20062B620 /* README.md in Resources */ = {isa = PBXBuildFile; fileRef = CC2818EA2BD27DF20062B620 /* README.md */; };
/* End PBXBuildFile section */

/* Begin PBXFileReference section */
		CC0E81032BD9F02B00D84722 /* Server.swift */ = {isa = PBXFileReference; lastKnownFileType = sourcecode.swift; path = Server.swift; sourceTree = "<group>"; };
		CC0E81052BD9F0F300D84722 /* Store.swift */ = {isa = PBXFileReference; lastKnownFileType = sourcecode.swift; path = Store.swift; sourceTree = "<group>"; };
		CC0E81072BDA0A7800D84722 /* Volumer.swift */ = {isa = PBXFileReference; lastKnownFileType = sourcecode.swift; path = Volumer.swift; sourceTree = "<group>"; };
		CC0E81092BDA2AD600D84722 /* UIColor.swift */ = {isa = PBXFileReference; lastKnownFileType = sourcecode.swift; path = UIColor.swift; sourceTree = "<group>"; };
		CC28174E2BCF8D530062B620 /* content-server.app */ = {isa = PBXFileReference; explicitFileType = wrapper.application; includeInIndex = 0; path = "content-server.app"; sourceTree = BUILT_PRODUCTS_DIR; };
		CC2817512BCF8D530062B620 /* content_serverApp.swift */ = {isa = PBXFileReference; lastKnownFileType = sourcecode.swift; path = content_serverApp.swift; sourceTree = "<group>"; };
		CC2817532BCF8D530062B620 /* ContentView.swift */ = {isa = PBXFileReference; lastKnownFileType = sourcecode.swift; path = ContentView.swift; sourceTree = "<group>"; };
		CC2817552BCF8D5A0062B620 /* Assets.xcassets */ = {isa = PBXFileReference; lastKnownFileType = folder.assetcatalog; path = Assets.xcassets; sourceTree = "<group>"; };
		CC2817582BCF8D5A0062B620 /* Preview Assets.xcassets */ = {isa = PBXFileReference; lastKnownFileType = folder.assetcatalog; path = "Preview Assets.xcassets"; sourceTree = "<group>"; };
		CC2818722BD0E1A80062B620 /* Info.plist */ = {isa = PBXFileReference; lastKnownFileType = text.plist.xml; path = Info.plist; sourceTree = "<group>"; };
		CC2818752BD0E3AC0062B620 /* findPort.swift */ = {isa = PBXFileReference; lastKnownFileType = sourcecode.swift; path = findPort.swift; sourceTree = "<group>"; };
		CC2818C12BD25CAB0062B620 /* shttp.swift */ = {isa = PBXFileReference; lastKnownFileType = sourcecode.swift; path = shttp.swift; sourceTree = "<group>"; };
		CC2818C62BD262550062B620 /* fileHelper.swift */ = {isa = PBXFileReference; lastKnownFileType = sourcecode.swift; path = fileHelper.swift; sourceTree = "<group>"; };
		CC2818CC2BD2634D0062B620 /* logo.jpg */ = {isa = PBXFileReference; lastKnownFileType = image.jpeg; path = logo.jpg; sourceTree = "<group>"; };
		CC2818EA2BD27DF20062B620 /* README.md */ = {isa = PBXFileReference; lastKnownFileType = net.daringfireball.markdown; path = README.md; sourceTree = "<group>"; };
/* End PBXFileReference section */

/* Begin PBXFrameworksBuildPhase section */
		CC28174B2BCF8D530062B620 /* Frameworks */ = {
			isa = PBXFrameworksBuildPhase;
			buildActionMask = 2147483647;
			files = (
				CC2818A12BD0EF7E0062B620 /* _NIOFileSystem in Frameworks */,
				CC28189B2BD0EF7D0062B620 /* NIOTLS in Frameworks */,
				CC2818972BD0EF7D0062B620 /* NIOHTTP1 in Frameworks */,
				CC2818A32BD0EF7E0062B620 /* _NIOFileSystemFoundationCompat in Frameworks */,
				CC2818992BD0EF7D0062B620 /* NIOPosix in Frameworks */,
				CC2818952BD0EF7D0062B620 /* NIOCore in Frameworks */,
				CC2818E92BD2686B0062B620 /* Zip in Frameworks */,
				CC2818932BD0EF7D0062B620 /* NIO in Frameworks */,
				CC28189D2BD0EF7D0062B620 /* NIOWebSocket in Frameworks */,
				CC2818C52BD25CF30062B620 /* SwiftyJSON in Frameworks */,
				CC28189F2BD0EF7D0062B620 /* _NIOConcurrency in Frameworks */,
			);
			runOnlyForDeploymentPostprocessing = 0;
		};
/* End PBXFrameworksBuildPhase section */

/* Begin PBXGroup section */
		CC2817452BCF8D520062B620 = {
			isa = PBXGroup;
			children = (
				CC2818EA2BD27DF20062B620 /* README.md */,
				CC2817822BCF9C8D0062B620 /* Packages */,
				CC2817502BCF8D530062B620 /* content-server */,
				CC28174F2BCF8D530062B620 /* Products */,
			);
			indentWidth = 2;
			sourceTree = "<group>";
			tabWidth = 2;
		};
		CC28174F2BCF8D530062B620 /* Products */ = {
			isa = PBXGroup;
			children = (
				CC28174E2BCF8D530062B620 /* content-server.app */,
			);
			name = Products;
			sourceTree = "<group>";
		};
		CC2817502BCF8D530062B620 /* content-server */ = {
			isa = PBXGroup;
			children = (
				CC2818742BD0E39D0062B620 /* utils */,
				CC28178B2BCFA6D30062B620 /* www */,
				CC2817512BCF8D530062B620 /* content_serverApp.swift */,
				CC2817532BCF8D530062B620 /* ContentView.swift */,
				CC2817552BCF8D5A0062B620 /* Assets.xcassets */,
				CC2817572BCF8D5A0062B620 /* Preview Content */,
				CC2818722BD0E1A80062B620 /* Info.plist */,
			);
			path = "content-server";
			sourceTree = "<group>";
		};
		CC2817572BCF8D5A0062B620 /* Preview Content */ = {
			isa = PBXGroup;
			children = (
				CC2817582BCF8D5A0062B620 /* Preview Assets.xcassets */,
			);
			path = "Preview Content";
			sourceTree = "<group>";
		};
		CC2817822BCF9C8D0062B620 /* Packages */ = {
			isa = PBXGroup;
			children = (
			);
			name = Packages;
			sourceTree = "<group>";
		};
		CC28178B2BCFA6D30062B620 /* www */ = {
			isa = PBXGroup;
			children = (
				CC2818CC2BD2634D0062B620 /* logo.jpg */,
			);
			path = www;
			sourceTree = "<group>";
		};
		CC2818742BD0E39D0062B620 /* utils */ = {
			isa = PBXGroup;
			children = (
				CC2818752BD0E3AC0062B620 /* findPort.swift */,
				CC2818C12BD25CAB0062B620 /* shttp.swift */,
				CC2818C62BD262550062B620 /* fileHelper.swift */,
				CC0E81032BD9F02B00D84722 /* Server.swift */,
				CC0E81052BD9F0F300D84722 /* Store.swift */,
				CC0E81072BDA0A7800D84722 /* Volumer.swift */,
				CC0E81092BDA2AD600D84722 /* UIColor.swift */,
			);
			path = utils;
			sourceTree = "<group>";
		};
/* End PBXGroup section */

/* Begin PBXNativeTarget section */
		CC28174D2BCF8D530062B620 /* content-server */ = {
			isa = PBXNativeTarget;
			buildConfigurationList = CC28175C2BCF8D5A0062B620 /* Build configuration list for PBXNativeTarget "content-server" */;
			buildPhases = (
				CC28174A2BCF8D530062B620 /* Sources */,
				CC28174B2BCF8D530062B620 /* Frameworks */,
				CC28174C2BCF8D530062B620 /* Resources */,
			);
			buildRules = (
			);
			dependencies = (
			);
			name = "content-server";
			packageProductDependencies = (
				CC2818922BD0EF7D0062B620 /* NIO */,
				CC2818942BD0EF7D0062B620 /* NIOCore */,
				CC2818962BD0EF7D0062B620 /* NIOHTTP1 */,
				CC2818982BD0EF7D0062B620 /* NIOPosix */,
				CC28189A2BD0EF7D0062B620 /* NIOTLS */,
				CC28189C2BD0EF7D0062B620 /* NIOWebSocket */,
				CC28189E2BD0EF7D0062B620 /* _NIOConcurrency */,
				CC2818A02BD0EF7D0062B620 /* _NIOFileSystem */,
				CC2818A22BD0EF7E0062B620 /* _NIOFileSystemFoundationCompat */,
				CC2818C42BD25CF30062B620 /* SwiftyJSON */,
				CC2818E82BD2686B0062B620 /* Zip */,
			);
			productName = "content-server";
			productReference = CC28174E2BCF8D530062B620 /* content-server.app */;
			productType = "com.apple.product-type.application";
		};
/* End PBXNativeTarget section */

/* Begin PBXProject section */
		CC2817462BCF8D530062B620 /* Project object */ = {
			isa = PBXProject;
			attributes = {
				BuildIndependentTargetsInParallel = 1;
				LastSwiftUpdateCheck = 1420;
				LastUpgradeCheck = 1420;
				TargetAttributes = {
					CC28174D2BCF8D530062B620 = {
						CreatedOnToolsVersion = 14.2;
					};
				};
			};
			buildConfigurationList = CC2817492BCF8D530062B620 /* Build configuration list for PBXProject "content-server" */;
			compatibilityVersion = "Xcode 14.0";
			developmentRegion = en;
			hasScannedForEncodings = 0;
			knownRegions = (
				en,
				Base,
			);
			mainGroup = CC2817452BCF8D520062B620;
			packageReferences = (
				CC2818912BD0EF7D0062B620 /* XCRemoteSwiftPackageReference "swift-nio" */,
				CC2818C32BD25CF30062B620 /* XCRemoteSwiftPackageReference "SwiftyJSON" */,
				CC2818E72BD2686B0062B620 /* XCRemoteSwiftPackageReference "Zip" */,
			);
			productRefGroup = CC28174F2BCF8D530062B620 /* Products */;
			projectDirPath = "";
			projectRoot = "";
			targets = (
				CC28174D2BCF8D530062B620 /* content-server */,
			);
		};
/* End PBXProject section */

/* Begin PBXResourcesBuildPhase section */
		CC28174C2BCF8D530062B620 /* Resources */ = {
			isa = PBXResourcesBuildPhase;
			buildActionMask = 2147483647;
			files = (
				CC2817592BCF8D5A0062B620 /* Preview Assets.xcassets in Resources */,
				CC2817562BCF8D5A0062B620 /* Assets.xcassets in Resources */,
				CC2818EB2BD27DF20062B620 /* README.md in Resources */,
				CC2818DB2BD263510062B620 /* logo.jpg in Resources */,
			);
			runOnlyForDeploymentPostprocessing = 0;
		};
/* End PBXResourcesBuildPhase section */

/* Begin PBXSourcesBuildPhase section */
		CC28174A2BCF8D530062B620 /* Sources */ = {
			isa = PBXSourcesBuildPhase;
			buildActionMask = 2147483647;
			files = (
				CC0E81062BD9F0F300D84722 /* Store.swift in Sources */,
				CC2817542BCF8D530062B620 /* ContentView.swift in Sources */,
				CC0E81082BDA0A7800D84722 /* Volumer.swift in Sources */,
				CC2818C22BD25CAB0062B620 /* shttp.swift in Sources */,
				CC0E810A2BDA2AD600D84722 /* UIColor.swift in Sources */,
				CC2818762BD0E3AC0062B620 /* findPort.swift in Sources */,
				CC2817522BCF8D530062B620 /* content_serverApp.swift in Sources */,
				CC0E81042BD9F02C00D84722 /* Server.swift in Sources */,
				CC2818C72BD262550062B620 /* fileHelper.swift in Sources */,
			);
			runOnlyForDeploymentPostprocessing = 0;
		};
/* End PBXSourcesBuildPhase section */

/* Begin XCBuildConfiguration section */
		CC28175A2BCF8D5A0062B620 /* Debug */ = {
			isa = XCBuildConfiguration;
			buildSettings = {
				ALWAYS_SEARCH_USER_PATHS = NO;
				CLANG_ANALYZER_NONNULL = YES;
				CLANG_ANALYZER_NUMBER_OBJECT_CONVERSION = YES_AGGRESSIVE;
				CLANG_CXX_LANGUAGE_STANDARD = "gnu++20";
				CLANG_ENABLE_MODULES = YES;
				CLANG_ENABLE_OBJC_ARC = YES;
				CLANG_ENABLE_OBJC_WEAK = YES;
				CLANG_WARN_BLOCK_CAPTURE_AUTORELEASING = YES;
				CLANG_WARN_BOOL_CONVERSION = YES;
				CLANG_WARN_COMMA = YES;
				CLANG_WARN_CONSTANT_CONVERSION = YES;
				CLANG_WARN_DEPRECATED_OBJC_IMPLEMENTATIONS = YES;
				CLANG_WARN_DIRECT_OBJC_ISA_USAGE = YES_ERROR;
				CLANG_WARN_DOCUMENTATION_COMMENTS = YES;
				CLANG_WARN_EMPTY_BODY = YES;
				CLANG_WARN_ENUM_CONVERSION = YES;
				CLANG_WARN_INFINITE_RECURSION = YES;
				CLANG_WARN_INT_CONVERSION = YES;
				CLANG_WARN_NON_LITERAL_NULL_CONVERSION = YES;
				CLANG_WARN_OBJC_IMPLICIT_RETAIN_SELF = YES;
				CLANG_WARN_OBJC_LITERAL_CONVERSION = YES;
				CLANG_WARN_OBJC_ROOT_CLASS = YES_ERROR;
				CLANG_WARN_QUOTED_INCLUDE_IN_FRAMEWORK_HEADER = YES;
				CLANG_WARN_RANGE_LOOP_ANALYSIS = YES;
				CLANG_WARN_STRICT_PROTOTYPES = YES;
				CLANG_WARN_SUSPICIOUS_MOVE = YES;
				CLANG_WARN_UNGUARDED_AVAILABILITY = YES_AGGRESSIVE;
				CLANG_WARN_UNREACHABLE_CODE = YES;
				CLANG_WARN__DUPLICATE_METHOD_MATCH = YES;
				COPY_PHASE_STRIP = NO;
				DEBUG_INFORMATION_FORMAT = dwarf;
				ENABLE_STRICT_OBJC_MSGSEND = YES;
				ENABLE_TESTABILITY = YES;
				GCC_C_LANGUAGE_STANDARD = gnu11;
				GCC_DYNAMIC_NO_PIC = NO;
				GCC_NO_COMMON_BLOCKS = YES;
				GCC_OPTIMIZATION_LEVEL = 0;
				GCC_PREPROCESSOR_DEFINITIONS = (
					"DEBUG=1",
					"$(inherited)",
				);
				GCC_WARN_64_TO_32_BIT_CONVERSION = YES;
				GCC_WARN_ABOUT_RETURN_TYPE = YES_ERROR;
				GCC_WARN_UNDECLARED_SELECTOR = YES;
				GCC_WARN_UNINITIALIZED_AUTOS = YES_AGGRESSIVE;
				GCC_WARN_UNUSED_FUNCTION = YES;
				GCC_WARN_UNUSED_VARIABLE = YES;
				IPHONEOS_DEPLOYMENT_TARGET = 16.0;
				MTL_ENABLE_DEBUG_INFO = INCLUDE_SOURCE;
				MTL_FAST_MATH = YES;
				ONLY_ACTIVE_ARCH = YES;
				SDKROOT = iphoneos;
				SWIFT_ACTIVE_COMPILATION_CONDITIONS = DEBUG;
				SWIFT_OPTIMIZATION_LEVEL = "-Onone";
			};
			name = Debug;
		};
		CC28175B2BCF8D5A0062B620 /* Release */ = {
			isa = XCBuildConfiguration;
			buildSettings = {
				ALWAYS_SEARCH_USER_PATHS = NO;
				CLANG_ANALYZER_NONNULL = YES;
				CLANG_ANALYZER_NUMBER_OBJECT_CONVERSION = YES_AGGRESSIVE;
				CLANG_CXX_LANGUAGE_STANDARD = "gnu++20";
				CLANG_ENABLE_MODULES = YES;
				CLANG_ENABLE_OBJC_ARC = YES;
				CLANG_ENABLE_OBJC_WEAK = YES;
				CLANG_WARN_BLOCK_CAPTURE_AUTORELEASING = YES;
				CLANG_WARN_BOOL_CONVERSION = YES;
				CLANG_WARN_COMMA = YES;
				CLANG_WARN_CONSTANT_CONVERSION = YES;
				CLANG_WARN_DEPRECATED_OBJC_IMPLEMENTATIONS = YES;
				CLANG_WARN_DIRECT_OBJC_ISA_USAGE = YES_ERROR;
				CLANG_WARN_DOCUMENTATION_COMMENTS = YES;
				CLANG_WARN_EMPTY_BODY = YES;
				CLANG_WARN_ENUM_CONVERSION = YES;
				CLANG_WARN_INFINITE_RECURSION = YES;
				CLANG_WARN_INT_CONVERSION = YES;
				CLANG_WARN_NON_LITERAL_NULL_CONVERSION = YES;
				CLANG_WARN_OBJC_IMPLICIT_RETAIN_SELF = YES;
				CLANG_WARN_OBJC_LITERAL_CONVERSION = YES;
				CLANG_WARN_OBJC_ROOT_CLASS = YES_ERROR;
				CLANG_WARN_QUOTED_INCLUDE_IN_FRAMEWORK_HEADER = YES;
				CLANG_WARN_RANGE_LOOP_ANALYSIS = YES;
				CLANG_WARN_STRICT_PROTOTYPES = YES;
				CLANG_WARN_SUSPICIOUS_MOVE = YES;
				CLANG_WARN_UNGUARDED_AVAILABILITY = YES_AGGRESSIVE;
				CLANG_WARN_UNREACHABLE_CODE = YES;
				CLANG_WARN__DUPLICATE_METHOD_MATCH = YES;
				COPY_PHASE_STRIP = NO;
				DEBUG_INFORMATION_FORMAT = "dwarf-with-dsym";
				ENABLE_NS_ASSERTIONS = NO;
				ENABLE_STRICT_OBJC_MSGSEND = YES;
				GCC_C_LANGUAGE_STANDARD = gnu11;
				GCC_NO_COMMON_BLOCKS = YES;
				GCC_WARN_64_TO_32_BIT_CONVERSION = YES;
				GCC_WARN_ABOUT_RETURN_TYPE = YES_ERROR;
				GCC_WARN_UNDECLARED_SELECTOR = YES;
				GCC_WARN_UNINITIALIZED_AUTOS = YES_AGGRESSIVE;
				GCC_WARN_UNUSED_FUNCTION = YES;
				GCC_WARN_UNUSED_VARIABLE = YES;
				IPHONEOS_DEPLOYMENT_TARGET = 16.0;
				MTL_ENABLE_DEBUG_INFO = NO;
				MTL_FAST_MATH = YES;
				SDKROOT = iphoneos;
				SWIFT_COMPILATION_MODE = wholemodule;
				SWIFT_OPTIMIZATION_LEVEL = "-O";
				VALIDATE_PRODUCT = YES;
			};
			name = Release;
		};
		CC28175D2BCF8D5A0062B620 /* Debug */ = {
			isa = XCBuildConfiguration;
			buildSettings = {
				ASSETCATALOG_COMPILER_APPICON_NAME = AppIcon;
				ASSETCATALOG_COMPILER_GLOBAL_ACCENT_COLOR_NAME = AccentColor;
				CODE_SIGN_IDENTITY = "Apple Development";
				CODE_SIGN_STYLE = Automatic;
				CURRENT_PROJECT_VERSION = 1;
				DEVELOPMENT_ASSET_PATHS = "\"content-server/Preview Content\"";
				DEVELOPMENT_TEAM = F39445FUM3;
				ENABLE_PREVIEWS = YES;
				GENERATE_INFOPLIST_FILE = YES;
				INFOPLIST_FILE = "content-server/Info.plist";
				INFOPLIST_KEY_UIApplicationSceneManifest_Generation = YES;
				INFOPLIST_KEY_UIApplicationSupportsIndirectInputEvents = YES;
				INFOPLIST_KEY_UILaunchScreen_Generation = YES;
				INFOPLIST_KEY_UISupportedInterfaceOrientations_iPad = "UIInterfaceOrientationPortrait UIInterfaceOrientationPortraitUpsideDown UIInterfaceOrientationLandscapeLeft UIInterfaceOrientationLandscapeRight";
				INFOPLIST_KEY_UISupportedInterfaceOrientations_iPhone = "UIInterfaceOrientationPortrait UIInterfaceOrientationLandscapeLeft UIInterfaceOrientationLandscapeRight";
				IPHONEOS_DEPLOYMENT_TARGET = 16.0;
				LD_RUNPATH_SEARCH_PATHS = (
					"$(inherited)",
					"@executable_path/Frameworks",
				);
				MARKETING_VERSION = 1.0;
				PRODUCT_BUNDLE_IDENTIFIER = "group.content-server";
				PRODUCT_NAME = "$(TARGET_NAME)";
				PROVISIONING_PROFILE_SPECIFIER = "";
				SWIFT_EMIT_LOC_STRINGS = YES;
				SWIFT_VERSION = 5.0;
				TARGETED_DEVICE_FAMILY = "1,2";
			};
			name = Debug;
		};
		CC28175E2BCF8D5A0062B620 /* Release */ = {
			isa = XCBuildConfiguration;
			buildSettings = {
				ASSETCATALOG_COMPILER_APPICON_NAME = AppIcon;
				ASSETCATALOG_COMPILER_GLOBAL_ACCENT_COLOR_NAME = AccentColor;
				CODE_SIGN_IDENTITY = "Apple Development";
				CODE_SIGN_STYLE = Automatic;
				CURRENT_PROJECT_VERSION = 1;
				DEVELOPMENT_ASSET_PATHS = "\"content-server/Preview Content\"";
				DEVELOPMENT_TEAM = F39445FUM3;
				ENABLE_PREVIEWS = YES;
				GENERATE_INFOPLIST_FILE = YES;
				INFOPLIST_FILE = "content-server/Info.plist";
				INFOPLIST_KEY_UIApplicationSceneManifest_Generation = YES;
				INFOPLIST_KEY_UIApplicationSupportsIndirectInputEvents = YES;
				INFOPLIST_KEY_UILaunchScreen_Generation = YES;
				INFOPLIST_KEY_UISupportedInterfaceOrientations_iPad = "UIInterfaceOrientationPortrait UIInterfaceOrientationPortraitUpsideDown UIInterfaceOrientationLandscapeLeft UIInterfaceOrientationLandscapeRight";
				INFOPLIST_KEY_UISupportedInterfaceOrientations_iPhone = "UIInterfaceOrientationPortrait UIInterfaceOrientationLandscapeLeft UIInterfaceOrientationLandscapeRight";
				IPHONEOS_DEPLOYMENT_TARGET = 16.0;
				LD_RUNPATH_SEARCH_PATHS = (
					"$(inherited)",
					"@executable_path/Frameworks",
				);
				MARKETING_VERSION = 1.0;
				PRODUCT_BUNDLE_IDENTIFIER = "group.content-server";
				PRODUCT_NAME = "$(TARGET_NAME)";
				PROVISIONING_PROFILE_SPECIFIER = "";
				SWIFT_EMIT_LOC_STRINGS = YES;
				SWIFT_VERSION = 5.0;
				TARGETED_DEVICE_FAMILY = "1,2";
			};
			name = Release;
		};
/* End XCBuildConfiguration section */

/* Begin XCConfigurationList section */
		CC2817492BCF8D530062B620 /* Build configuration list for PBXProject "content-server" */ = {
			isa = XCConfigurationList;
			buildConfigurations = (
				CC28175A2BCF8D5A0062B620 /* Debug */,
				CC28175B2BCF8D5A0062B620 /* Release */,
			);
			defaultConfigurationIsVisible = 0;
			defaultConfigurationName = Debug;
		};
		CC28175C2BCF8D5A0062B620 /* Build configuration list for PBXNativeTarget "content-server" */ = {
			isa = XCConfigurationList;
			buildConfigurations = (
				CC28175D2BCF8D5A0062B620 /* Debug */,
				CC28175E2BCF8D5A0062B620 /* Release */,
			);
			defaultConfigurationIsVisible = 0;
			defaultConfigurationName = Debug;
		};
/* End XCConfigurationList section */

/* Begin XCRemoteSwiftPackageReference section */
		CC2818912BD0EF7D0062B620 /* XCRemoteSwiftPackageReference "swift-nio" */ = {
			isa = XCRemoteSwiftPackageReference;
			repositoryURL = "https://github.com/apple/swift-nio.git";
			requirement = {
				kind = upToNextMajorVersion;
				minimumVersion = 2.0.0;
			};
		};
		CC2818C32BD25CF30062B620 /* XCRemoteSwiftPackageReference "SwiftyJSON" */ = {
			isa = XCRemoteSwiftPackageReference;
			repositoryURL = "https://github.com/SwiftyJSON/SwiftyJSON";
			requirement = {
				branch = master;
				kind = branch;
			};
		};
		CC2818E72BD2686B0062B620 /* XCRemoteSwiftPackageReference "Zip" */ = {
			isa = XCRemoteSwiftPackageReference;
			repositoryURL = "https://github.com/marmelroy/Zip";
			requirement = {
				kind = upToNextMajorVersion;
				minimumVersion = 2.0.0;
			};
		};
/* End XCRemoteSwiftPackageReference section */

/* Begin XCSwiftPackageProductDependency section */
		CC2818922BD0EF7D0062B620 /* NIO */ = {
			isa = XCSwiftPackageProductDependency;
			package = CC2818912BD0EF7D0062B620 /* XCRemoteSwiftPackageReference "swift-nio" */;
			productName = NIO;
		};
		CC2818942BD0EF7D0062B620 /* NIOCore */ = {
			isa = XCSwiftPackageProductDependency;
			package = CC2818912BD0EF7D0062B620 /* XCRemoteSwiftPackageReference "swift-nio" */;
			productName = NIOCore;
		};
		CC2818962BD0EF7D0062B620 /* NIOHTTP1 */ = {
			isa = XCSwiftPackageProductDependency;
			package = CC2818912BD0EF7D0062B620 /* XCRemoteSwiftPackageReference "swift-nio" */;
			productName = NIOHTTP1;
		};
		CC2818982BD0EF7D0062B620 /* NIOPosix */ = {
			isa = XCSwiftPackageProductDependency;
			package = CC2818912BD0EF7D0062B620 /* XCRemoteSwiftPackageReference "swift-nio" */;
			productName = NIOPosix;
		};
		CC28189A2BD0EF7D0062B620 /* NIOTLS */ = {
			isa = XCSwiftPackageProductDependency;
			package = CC2818912BD0EF7D0062B620 /* XCRemoteSwiftPackageReference "swift-nio" */;
			productName = NIOTLS;
		};
		CC28189C2BD0EF7D0062B620 /* NIOWebSocket */ = {
			isa = XCSwiftPackageProductDependency;
			package = CC2818912BD0EF7D0062B620 /* XCRemoteSwiftPackageReference "swift-nio" */;
			productName = NIOWebSocket;
		};
		CC28189E2BD0EF7D0062B620 /* _NIOConcurrency */ = {
			isa = XCSwiftPackageProductDependency;
			package = CC2818912BD0EF7D0062B620 /* XCRemoteSwiftPackageReference "swift-nio" */;
			productName = _NIOConcurrency;
		};
		CC2818A02BD0EF7D0062B620 /* _NIOFileSystem */ = {
			isa = XCSwiftPackageProductDependency;
			package = CC2818912BD0EF7D0062B620 /* XCRemoteSwiftPackageReference "swift-nio" */;
			productName = _NIOFileSystem;
		};
		CC2818A22BD0EF7E0062B620 /* _NIOFileSystemFoundationCompat */ = {
			isa = XCSwiftPackageProductDependency;
			package = CC2818912BD0EF7D0062B620 /* XCRemoteSwiftPackageReference "swift-nio" */;
			productName = _NIOFileSystemFoundationCompat;
		};
		CC2818C42BD25CF30062B620 /* SwiftyJSON */ = {
			isa = XCSwiftPackageProductDependency;
			package = CC2818C32BD25CF30062B620 /* XCRemoteSwiftPackageReference "SwiftyJSON" */;
			productName = SwiftyJSON;
		};
		CC2818E82BD2686B0062B620 /* Zip */ = {
			isa = XCSwiftPackageProductDependency;
			package = CC2818E72BD2686B0062B620 /* XCRemoteSwiftPackageReference "Zip" */;
			productName = Zip;
		};
/* End XCSwiftPackageProductDependency section */
	};
	rootObject = CC2817462BCF8D530062B620 /* Project object */;
}
